
Microsoft Visual Studio Solution File, Format Version 12.00
# Visual Studio Version 17
VisualStudioVersion = 17.10.35122.118
MinimumVisualStudioVersion = 10.0.40219.1
Project("{2150E333-8FDC-42A3-9474-1A3956D46DE8}") = "Services", "Services", "{0B1ECE45-4B00-4687-87F0-3E6CFE4B96B0}"
EndProject
Project("{2150E333-8FDC-42A3-9474-1A3956D46DE8}") = "Catalog", "Catalog", "{B34BF02A-E1A4-414B-A5A4-B67AF65F96E2}"
EndProject
Project("{9A19103F-16F7-4668-BE54-9A1E7A4F7556}") = "MultiShop.Catalog", "Services\Catalog\MultiShop.Catalog\MultiShop.Catalog.csproj", "{76859882-F5C3-4770-B8C0-17B3D2AEB550}"
EndProject
Project("{2150E333-8FDC-42A3-9474-1A3956D46DE8}") = "Discount", "Discount", "{219DB985-C7E1-4AAA-BBA4-2DC614ED76DB}"
EndProject
Project("{9A19103F-16F7-4668-BE54-9A1E7A4F7556}") = "MultiShop.Discount", "Services\Discount\MultiShop.Discount\MultiShop.Discount.csproj", "{4BB42247-C250-46FF-8D3C-F21B9F6FCF64}"
EndProject
Project("{2150E333-8FDC-42A3-9474-1A3956D46DE8}") = "Order", "Order", "{3377097A-61BE-419E-943F-664595632E73}"
EndProject
Project("{2150E333-8FDC-42A3-9474-1A3956D46DE8}") = "Core", "Core", "{2EE6F129-BC11-4618-91E2-10CD4FF74F9E}"
EndProject
Project("{2150E333-8FDC-42A3-9474-1A3956D46DE8}") = "Infrastructure", "Infrastructure", "{2285E5DC-5399-4340-8561-74560ECC0F18}"
EndProject
Project("{2150E333-8FDC-42A3-9474-1A3956D46DE8}") = "Presantation", "Presantation", "{99BE647B-4721-4830-B578-48DC362B5B63}"
EndProject
Project("{9A19103F-16F7-4668-BE54-9A1E7A4F7556}") = "MultiShop.Order.Domain", "Services\Order\Core\MultiShop.Order.Domain\MultiShop.Order.Domain.csproj", "{31257D3F-CB0D-4125-9B49-ABDACFFBA0BA}"
EndProject
Project("{9A19103F-16F7-4668-BE54-9A1E7A4F7556}") = "MultiShop.Order.Application", "Services\Order\Core\MultiShop.Order.Application\MultiShop.Order.Application.csproj", "{F0E226E4-B109-41A2-B8EE-E4D1D6BC2EEC}"
EndProject
Project("{9A19103F-16F7-4668-BE54-9A1E7A4F7556}") = "MultiShop.Order.Persistance", "Services\Order\Infrastructure\MultiShop.Order.Persistance\MultiShop.Order.Persistance.csproj", "{A1D11F9D-1C89-4207-A472-9076C73BD1D9}"
EndProject
Project("{9A19103F-16F7-4668-BE54-9A1E7A4F7556}") = "MultiShop.Order.WebApi", "Services\Order\Presantation\MultiShop.Order.WebApi\MultiShop.Order.WebApi.csproj", "{E7246106-0F71-43C9-B995-D8CE0AA2EC75}"
EndProject
Project("{2150E333-8FDC-42A3-9474-1A3956D46DE8}") = "Basket", "Basket", "{B10DAE73-442D-47E7-9432-36F1CE9B7AFC}"
EndProject
Project("{9A19103F-16F7-4668-BE54-9A1E7A4F7556}") = "MultiShop.Basket", "MultiShop.Basket\MultiShop.Basket.csproj", "{B8FDBAD5-4B94-46B1-93ED-B7F80423F595}"
EndProject
Project("{2150E333-8FDC-42A3-9474-1A3956D46DE8}") = "Comment", "Comment", "{6C921CCB-FCAA-4481-A53C-7667B4396D24}"
EndProject
Project("{9A19103F-16F7-4668-BE54-9A1E7A4F7556}") = "MultiShop.Comment", "MultiShop.Comment\MultiShop.Comment.csproj", "{E161D302-992F-4762-8E2F-822FFAA3C755}"
EndProject
Project("{2150E333-8FDC-42A3-9474-1A3956D46DE8}") = "Message", "Message", "{A0CC4C5B-7A29-4122-99B4-BBBABDAAD64E}"
EndProject
Project("{9A19103F-16F7-4668-BE54-9A1E7A4F7556}") = "MultiShop.Message", "Services\Messages\MultiShop.Message\MultiShop.Message.csproj", "{D9F10334-41E8-4BAA-B2A5-8968BB8E5077}"
EndProject
Project("{2150E333-8FDC-42A3-9474-1A3956D46DE8}") = "Payment", "Payment", "{71611BE8-3491-4534-8855-708926DE2AAE}"
EndProject
Project("{9A19103F-16F7-4668-BE54-9A1E7A4F7556}") = "MultiShop.Payment", "Services\Payment\MultiShop.Payment\MultiShop.Payment.csproj", "{D9E9C514-786F-485D-A790-B2A86EB4DE37}"
EndProject
Project("{2150E333-8FDC-42A3-9474-1A3956D46DE8}") = "RabbitMQMessage", "RabbitMQMessage", "{CE1CFD7F-51CA-4EBF-A891-61D2B00A1651}"
EndProject
Project("{9A19103F-16F7-4668-BE54-9A1E7A4F7556}") = "MultiShop.RabbitMQMessageApi", "Services\RabbitMQMessageApi\MultiShop.RabbitMQMessageApi\MultiShop.RabbitMQMessageApi.csproj", "{A4E1400E-0A44-41D9-A3B4-FF698595EC37}"
EndProject
Project("{2150E333-8FDC-42A3-9474-1A3956D46DE8}") = "Frontends", "Frontends", "{CA6278B1-F33F-4A07-87A1-AF62A27EF026}"
EndProject
Project("{2150E333-8FDC-42A3-9474-1A3956D46DE8}") = "MultiShop.DtoLayer", "MultiShop.DtoLayer", "{BACD9745-9131-41E4-8346-3B303E004633}"
EndProject
Project("{9A19103F-16F7-4668-BE54-9A1E7A4F7556}") = "MultiShop.DtoLayer", "MultiShop.DtoLayer\MultiShop.DtoLayer.csproj", "{7D78BF36-B7FC-49F1-BB5B-5152686CF0D8}"
EndProject
Project("{9A19103F-16F7-4668-BE54-9A1E7A4F7556}") = "MultiShop.WebUI", "MultiShop.WebUI\MultiShop.WebUI.csproj", "{C2B3EF4B-BDF4-4B14-A16E-D33A7F4AA575}"
EndProject
Project("{2150E333-8FDC-42A3-9474-1A3956D46DE8}") = "ApiGateway", "ApiGateway", "{D4355819-89FE-48D2-8FED-E10A9D43545C}"
EndProject
Project("{FAE04EC0-301F-11D3-BF4B-00C04F79EFBC}") = "MultiShop.OcelotGateway", "MultiShop.OcelotGateway\MultiShop.OcelotGateway.csproj", "{3D779278-A5D7-45E5-A8A2-B5CCBB2BC183}"
EndProject
Global
	GlobalSection(SolutionConfigurationPlatforms) = preSolution
		Debug|Any CPU = Debug|Any CPU
		Release|Any CPU = Release|Any CPU
	EndGlobalSection
	GlobalSection(ProjectConfigurationPlatforms) = postSolution
		{76859882-F5C3-4770-B8C0-17B3D2AEB550}.Debug|Any CPU.ActiveCfg = Debug|Any CPU
		{76859882-F5C3-4770-B8C0-17B3D2AEB550}.Debug|Any CPU.Build.0 = Debug|Any CPU
		{76859882-F5C3-4770-B8C0-17B3D2AEB550}.Release|Any CPU.ActiveCfg = Release|Any CPU
		{76859882-F5C3-4770-B8C0-17B3D2AEB550}.Release|Any CPU.Build.0 = Release|Any CPU
		{4BB42247-C250-46FF-8D3C-F21B9F6FCF64}.Debug|Any CPU.ActiveCfg = Debug|Any CPU
		{4BB42247-C250-46FF-8D3C-F21B9F6FCF64}.Debug|Any CPU.Build.0 = Debug|Any CPU
		{4BB42247-C250-46FF-8D3C-F21B9F6FCF64}.Release|Any CPU.ActiveCfg = Release|Any CPU
		{4BB42247-C250-46FF-8D3C-F21B9F6FCF64}.Release|Any CPU.Build.0 = Release|Any CPU
		{31257D3F-CB0D-4125-9B49-ABDACFFBA0BA}.Debug|Any CPU.ActiveCfg = Debug|Any CPU
		{31257D3F-CB0D-4125-9B49-ABDACFFBA0BA}.Debug|Any CPU.Build.0 = Debug|Any CPU
		{31257D3F-CB0D-4125-9B49-ABDACFFBA0BA}.Release|Any CPU.ActiveCfg = Release|Any CPU
		{31257D3F-CB0D-4125-9B49-ABDACFFBA0BA}.Release|Any CPU.Build.0 = Release|Any CPU
		{F0E226E4-B109-41A2-B8EE-E4D1D6BC2EEC}.Debug|Any CPU.ActiveCfg = Debug|Any CPU
		{F0E226E4-B109-41A2-B8EE-E4D1D6BC2EEC}.Debug|Any CPU.Build.0 = Debug|Any CPU
		{F0E226E4-B109-41A2-B8EE-E4D1D6BC2EEC}.Release|Any CPU.ActiveCfg = Release|Any CPU
		{F0E226E4-B109-41A2-B8EE-E4D1D6BC2EEC}.Release|Any CPU.Build.0 = Release|Any CPU
		{A1D11F9D-1C89-4207-A472-9076C73BD1D9}.Debug|Any CPU.ActiveCfg = Debug|Any CPU
		{A1D11F9D-1C89-4207-A472-9076C73BD1D9}.Debug|Any CPU.Build.0 = Debug|Any CPU
		{A1D11F9D-1C89-4207-A472-9076C73BD1D9}.Release|Any CPU.ActiveCfg = Release|Any CPU
		{A1D11F9D-1C89-4207-A472-9076C73BD1D9}.Release|Any CPU.Build.0 = Release|Any CPU
		{E7246106-0F71-43C9-B995-D8CE0AA2EC75}.Debug|Any CPU.ActiveCfg = Debug|Any CPU
		{E7246106-0F71-43C9-B995-D8CE0AA2EC75}.Debug|Any CPU.Build.0 = Debug|Any CPU
		{E7246106-0F71-43C9-B995-D8CE0AA2EC75}.Release|Any CPU.ActiveCfg = Release|Any CPU
		{E7246106-0F71-43C9-B995-D8CE0AA2EC75}.Release|Any CPU.Build.0 = Release|Any CPU
		{B8FDBAD5-4B94-46B1-93ED-B7F80423F595}.Debug|Any CPU.ActiveCfg = Debug|Any CPU
		{B8FDBAD5-4B94-46B1-93ED-B7F80423F595}.Debug|Any CPU.Build.0 = Debug|Any CPU
		{B8FDBAD5-4B94-46B1-93ED-B7F80423F595}.Release|Any CPU.ActiveCfg = Release|Any CPU
		{B8FDBAD5-4B94-46B1-93ED-B7F80423F595}.Release|Any CPU.Build.0 = Release|Any CPU
		{E161D302-992F-4762-8E2F-822FFAA3C755}.Debug|Any CPU.ActiveCfg = Debug|Any CPU
		{E161D302-992F-4762-8E2F-822FFAA3C755}.Debug|Any CPU.Build.0 = Debug|Any CPU
		{E161D302-992F-4762-8E2F-822FFAA3C755}.Release|Any CPU.ActiveCfg = Release|Any CPU
		{E161D302-992F-4762-8E2F-822FFAA3C755}.Release|Any CPU.Build.0 = Release|Any CPU
		{D9F10334-41E8-4BAA-B2A5-8968BB8E5077}.Debug|Any CPU.ActiveCfg = Debug|Any CPU
		{D9F10334-41E8-4BAA-B2A5-8968BB8E5077}.Debug|Any CPU.Build.0 = Debug|Any CPU
		{D9F10334-41E8-4BAA-B2A5-8968BB8E5077}.Release|Any CPU.ActiveCfg = Release|Any CPU
		{D9F10334-41E8-4BAA-B2A5-8968BB8E5077}.Release|Any CPU.Build.0 = Release|Any CPU
		{D9E9C514-786F-485D-A790-B2A86EB4DE37}.Debug|Any CPU.ActiveCfg = Debug|Any CPU
		{D9E9C514-786F-485D-A790-B2A86EB4DE37}.Debug|Any CPU.Build.0 = Debug|Any CPU
		{D9E9C514-786F-485D-A790-B2A86EB4DE37}.Release|Any CPU.ActiveCfg = Release|Any CPU
		{D9E9C514-786F-485D-A790-B2A86EB4DE37}.Release|Any CPU.Build.0 = Release|Any CPU
		{A4E1400E-0A44-41D9-A3B4-FF698595EC37}.Debug|Any CPU.ActiveCfg = Debug|Any CPU
		{A4E1400E-0A44-41D9-A3B4-FF698595EC37}.Debug|Any CPU.Build.0 = Debug|Any CPU
		{A4E1400E-0A44-41D9-A3B4-FF698595EC37}.Release|Any CPU.ActiveCfg = Release|Any CPU
		{A4E1400E-0A44-41D9-A3B4-FF698595EC37}.Release|Any CPU.Build.0 = Release|Any CPU
		{7D78BF36-B7FC-49F1-BB5B-5152686CF0D8}.Debug|Any CPU.ActiveCfg = Debug|Any CPU
		{7D78BF36-B7FC-49F1-BB5B-5152686CF0D8}.Debug|Any CPU.Build.0 = Debug|Any CPU
		{7D78BF36-B7FC-49F1-BB5B-5152686CF0D8}.Release|Any CPU.ActiveCfg = Release|Any CPU
		{7D78BF36-B7FC-49F1-BB5B-5152686CF0D8}.Release|Any CPU.Build.0 = Release|Any CPU
		{C2B3EF4B-BDF4-4B14-A16E-D33A7F4AA575}.Debug|Any CPU.ActiveCfg = Debug|Any CPU
		{C2B3EF4B-BDF4-4B14-A16E-D33A7F4AA575}.Debug|Any CPU.Build.0 = Debug|Any CPU
		{C2B3EF4B-BDF4-4B14-A16E-D33A7F4AA575}.Release|Any CPU.ActiveCfg = Release|Any CPU
		{C2B3EF4B-BDF4-4B14-A16E-D33A7F4AA575}.Release|Any CPU.Build.0 = Release|Any CPU
		{3D779278-A5D7-45E5-A8A2-B5CCBB2BC183}.Debug|Any CPU.ActiveCfg = Debug|Any CPU
		{3D779278-A5D7-45E5-A8A2-B5CCBB2BC183}.Debug|Any CPU.Build.0 = Debug|Any CPU
		{3D779278-A5D7-45E5-A8A2-B5CCBB2BC183}.Release|Any CPU.ActiveCfg = Release|Any CPU
		{3D779278-A5D7-45E5-A8A2-B5CCBB2BC183}.Release|Any CPU.Build.0 = Release|Any CPU
	EndGlobalSection
	GlobalSection(SolutionProperties) = preSolution
		HideSolutionNode = FALSE
	EndGlobalSection
	GlobalSection(NestedProjects) = preSolution
		{B34BF02A-E1A4-414B-A5A4-B67AF65F96E2} = {0B1ECE45-4B00-4687-87F0-3E6CFE4B96B0}
		{76859882-F5C3-4770-B8C0-17B3D2AEB550} = {B34BF02A-E1A4-414B-A5A4-B67AF65F96E2}
		{219DB985-C7E1-4AAA-BBA4-2DC614ED76DB} = {0B1ECE45-4B00-4687-87F0-3E6CFE4B96B0}
		{4BB42247-C250-46FF-8D3C-F21B9F6FCF64} = {219DB985-C7E1-4AAA-BBA4-2DC614ED76DB}
		{3377097A-61BE-419E-943F-664595632E73} = {0B1ECE45-4B00-4687-87F0-3E6CFE4B96B0}
		{2EE6F129-BC11-4618-91E2-10CD4FF74F9E} = {3377097A-61BE-419E-943F-664595632E73}
		{2285E5DC-5399-4340-8561-74560ECC0F18} = {3377097A-61BE-419E-943F-664595632E73}
		{99BE647B-4721-4830-B578-48DC362B5B63} = {3377097A-61BE-419E-943F-664595632E73}
		{31257D3F-CB0D-4125-9B49-ABDACFFBA0BA} = {2EE6F129-BC11-4618-91E2-10CD4FF74F9E}
		{F0E226E4-B109-41A2-B8EE-E4D1D6BC2EEC} = {2EE6F129-BC11-4618-91E2-10CD4FF74F9E}
		{A1D11F9D-1C89-4207-A472-9076C73BD1D9} = {2285E5DC-5399-4340-8561-74560ECC0F18}
		{E7246106-0F71-43C9-B995-D8CE0AA2EC75} = {99BE647B-4721-4830-B578-48DC362B5B63}
		{B10DAE73-442D-47E7-9432-36F1CE9B7AFC} = {0B1ECE45-4B00-4687-87F0-3E6CFE4B96B0}
		{B8FDBAD5-4B94-46B1-93ED-B7F80423F595} = {B10DAE73-442D-47E7-9432-36F1CE9B7AFC}
		{6C921CCB-FCAA-4481-A53C-7667B4396D24} = {0B1ECE45-4B00-4687-87F0-3E6CFE4B96B0}
		{E161D302-992F-4762-8E2F-822FFAA3C755} = {6C921CCB-FCAA-4481-A53C-7667B4396D24}
		{A0CC4C5B-7A29-4122-99B4-BBBABDAAD64E} = {0B1ECE45-4B00-4687-87F0-3E6CFE4B96B0}
		{D9F10334-41E8-4BAA-B2A5-8968BB8E5077} = {A0CC4C5B-7A29-4122-99B4-BBBABDAAD64E}
		{71611BE8-3491-4534-8855-708926DE2AAE} = {0B1ECE45-4B00-4687-87F0-3E6CFE4B96B0}
		{D9E9C514-786F-485D-A790-B2A86EB4DE37} = {71611BE8-3491-4534-8855-708926DE2AAE}
		{CE1CFD7F-51CA-4EBF-A891-61D2B00A1651} = {0B1ECE45-4B00-4687-87F0-3E6CFE4B96B0}
		{A4E1400E-0A44-41D9-A3B4-FF698595EC37} = {CE1CFD7F-51CA-4EBF-A891-61D2B00A1651}
		{BACD9745-9131-41E4-8346-3B303E004633} = {CA6278B1-F33F-4A07-87A1-AF62A27EF026}
		{7D78BF36-B7FC-49F1-BB5B-5152686CF0D8} = {BACD9745-9131-41E4-8346-3B303E004633}
		{C2B3EF4B-BDF4-4B14-A16E-D33A7F4AA575} = {CA6278B1-F33F-4A07-87A1-AF62A27EF026}
		{3D779278-A5D7-45E5-A8A2-B5CCBB2BC183} = {D4355819-89FE-48D2-8FED-E10A9D43545C}
	EndGlobalSection
	GlobalSection(ExtensibilityGlobals) = postSolution
		SolutionGuid = {DA097D8A-FBF4-4FBE-AD1A-E4508E4EE565}
	EndGlobalSection
EndGlobal
