
Microsoft Visual Studio Solution File, Format Version 12.00
# Visual Studio Version 17
VisualStudioVersion = 17.10.35122.118
MinimumVisualStudioVersion = 10.0.40219.1
Project("{2150E333-8FDC-42A3-9474-1A3956D46DE8}") = "Services", "Services", "{0B1ECE45-4B00-4687-87F0-3E6CFE4B96B0}"
EndProject
Project("{2150E333-8FDC-42A3-9474-1A3956D46DE8}") = "Catalog", "Catalog", "{B34BF02A-E1A4-414B-A5A4-B67AF65F96E2}"
EndProject
Project("{9A19103F-16F7-4668-BE54-9A1E7A4F7556}") = "MultiShop.Catalog", "Services\Catalog\MultiShop.Catalog\MultiShop.Catalog.csproj", "{76859882-F5C3-4770-B8C0-17B3D2AEB550}"
EndProject
Project("{2150E333-8FDC-42A3-9474-1A3956D46DE8}") = "Discount", "Discount", "{219DB985-C7E1-4AAA-BBA4-2DC614ED76DB}"
EndProject
Project("{9A19103F-16F7-4668-BE54-9A1E7A4F7556}") = "MultiShop.Discount", "Services\Discount\MultiShop.Discount\MultiShop.Discount.csproj", "{4BB42247-C250-46FF-8D3C-F21B9F6FCF64}"
EndProject
Project("{2150E333-8FDC-42A3-9474-1A3956D46DE8}") = "Order", "Order", "{3377097A-61BE-419E-943F-664595632E73}"
EndProject
Project("{2150E333-8FDC-42A3-9474-1A3956D46DE8}") = "Core", "Core", "{2EE6F129-BC11-4618-91E2-10CD4FF74F9E}"
EndProject
Global
	GlobalSection(SolutionConfigurationPlatforms) = preSolution
		Debug|Any CPU = Debug|Any CPU
		Release|Any CPU = Release|Any CPU
	EndGlobalSection
	GlobalSection(ProjectConfigurationPlatforms) = postSolution
		{76859882-F5C3-4770-B8C0-17B3D2AEB550}.Debug|Any CPU.ActiveCfg = Debug|Any CPU
		{76859882-F5C3-4770-B8C0-17B3D2AEB550}.Debug|Any CPU.Build.0 = Debug|Any CPU
		{76859882-F5C3-4770-B8C0-17B3D2AEB550}.Release|Any CPU.ActiveCfg = Release|Any CPU
		{76859882-F5C3-4770-B8C0-17B3D2AEB550}.Release|Any CPU.Build.0 = Release|Any CPU
		{4BB42247-C250-46FF-8D3C-F21B9F6FCF64}.Debug|Any CPU.ActiveCfg = Debug|Any CPU
		{4BB42247-C250-46FF-8D3C-F21B9F6FCF64}.Debug|Any CPU.Build.0 = Debug|Any CPU
		{4BB42247-C250-46FF-8D3C-F21B9F6FCF64}.Release|Any CPU.ActiveCfg = Release|Any CPU
		{4BB42247-C250-46FF-8D3C-F21B9F6FCF64}.Release|Any CPU.Build.0 = Release|Any CPU
	EndGlobalSection
	GlobalSection(SolutionProperties) = preSolution
		HideSolutionNode = FALSE
	EndGlobalSection
	GlobalSection(NestedProjects) = preSolution
		{B34BF02A-E1A4-414B-A5A4-B67AF65F96E2} = {0B1ECE45-4B00-4687-87F0-3E6CFE4B96B0}
		{76859882-F5C3-4770-B8C0-17B3D2AEB550} = {B34BF02A-E1A4-414B-A5A4-B67AF65F96E2}
		{219DB985-C7E1-4AAA-BBA4-2DC614ED76DB} = {0B1ECE45-4B00-4687-87F0-3E6CFE4B96B0}
		{4BB42247-C250-46FF-8D3C-F21B9F6FCF64} = {219DB985-C7E1-4AAA-BBA4-2DC614ED76DB}
		{3377097A-61BE-419E-943F-664595632E73} = {0B1ECE45-4B00-4687-87F0-3E6CFE4B96B0}
		{2EE6F129-BC11-4618-91E2-10CD4FF74F9E} = {3377097A-61BE-419E-943F-664595632E73}
	EndGlobalSection
	GlobalSection(ExtensibilityGlobals) = postSolution
		SolutionGuid = {DA097D8A-FBF4-4FBE-AD1A-E4508E4EE565}
	EndGlobalSection
EndGlobal
